
Microsoft Visual Studio Solution File, Format Version 12.00
# Visual Studio Version 16
VisualStudioVersion = 16.0.30114.105
MinimumVisualStudioVersion = 10.0.40219.1
Project("{9A19103F-16F7-4668-BE54-9A1E7A4F7556}") = "shopapp.business", "shopapp.business\shopapp.business.csproj", "{04CE5EAA-AB51-484C-A722-29526F39D5EE}"
EndProject
Project("{9A19103F-16F7-4668-BE54-9A1E7A4F7556}") = "shopapp.data", "shopapp.data\shopapp.data.csproj", "{BDCFE5F5-44BC-4624-851B-6A8F5B23F79D}"
EndProject
Project("{9A19103F-16F7-4668-BE54-9A1E7A4F7556}") = "shopapp.entity", "shopapp.entity\shopapp.entity.csproj", "{C64B7852-6559-4E5B-A12E-4C8D4C1F1CC0}"
EndProject
Project("{9A19103F-16F7-4668-BE54-9A1E7A4F7556}") = "shopapp.webui", "shopapp.webui\shopapp.webui.csproj", "{0D1CC14D-39C7-4F50-A3B4-42BC1FC1B685}"
EndProject
Global
	GlobalSection(SolutionConfigurationPlatforms) = preSolution
		Debug|Any CPU = Debug|Any CPU
		Debug|x64 = Debug|x64
		Debug|x86 = Debug|x86
		Release|Any CPU = Release|Any CPU
		Release|x64 = Release|x64
		Release|x86 = Release|x86
	EndGlobalSection
	GlobalSection(ProjectConfigurationPlatforms) = postSolution
		{04CE5EAA-AB51-484C-A722-29526F39D5EE}.Debug|Any CPU.ActiveCfg = Debug|Any CPU
		{04CE5EAA-AB51-484C-A722-29526F39D5EE}.Debug|Any CPU.Build.0 = Debug|Any CPU
		{04CE5EAA-AB51-484C-A722-29526F39D5EE}.Debug|x64.ActiveCfg = Debug|Any CPU
		{04CE5EAA-AB51-484C-A722-29526F39D5EE}.Debug|x64.Build.0 = Debug|Any CPU
		{04CE5EAA-AB51-484C-A722-29526F39D5EE}.Debug|x86.ActiveCfg = Debug|Any CPU
		{04CE5EAA-AB51-484C-A722-29526F39D5EE}.Debug|x86.Build.0 = Debug|Any CPU
		{04CE5EAA-AB51-484C-A722-29526F39D5EE}.Release|Any CPU.ActiveCfg = Release|Any CPU
		{04CE5EAA-AB51-484C-A722-29526F39D5EE}.Release|Any CPU.Build.0 = Release|Any CPU
		{04CE5EAA-AB51-484C-A722-29526F39D5EE}.Release|x64.ActiveCfg = Release|Any CPU
		{04CE5EAA-AB51-484C-A722-29526F39D5EE}.Release|x64.Build.0 = Release|Any CPU
		{04CE5EAA-AB51-484C-A722-29526F39D5EE}.Release|x86.ActiveCfg = Release|Any CPU
		{04CE5EAA-AB51-484C-A722-29526F39D5EE}.Release|x86.Build.0 = Release|Any CPU
		{BDCFE5F5-44BC-4624-851B-6A8F5B23F79D}.Debug|Any CPU.ActiveCfg = Debug|Any CPU
		{BDCFE5F5-44BC-4624-851B-6A8F5B23F79D}.Debug|Any CPU.Build.0 = Debug|Any CPU
		{BDCFE5F5-44BC-4624-851B-6A8F5B23F79D}.Debug|x64.ActiveCfg = Debug|Any CPU
		{BDCFE5F5-44BC-4624-851B-6A8F5B23F79D}.Debug|x64.Build.0 = Debug|Any CPU
		{BDCFE5F5-44BC-4624-851B-6A8F5B23F79D}.Debug|x86.ActiveCfg = Debug|Any CPU
		{BDCFE5F5-44BC-4624-851B-6A8F5B23F79D}.Debug|x86.Build.0 = Debug|Any CPU
		{BDCFE5F5-44BC-4624-851B-6A8F5B23F79D}.Release|Any CPU.ActiveCfg = Release|Any CPU
		{BDCFE5F5-44BC-4624-851B-6A8F5B23F79D}.Release|Any CPU.Build.0 = Release|Any CPU
		{BDCFE5F5-44BC-4624-851B-6A8F5B23F79D}.Release|x64.ActiveCfg = Release|Any CPU
		{BDCFE5F5-44BC-4624-851B-6A8F5B23F79D}.Release|x64.Build.0 = Release|Any CPU
		{BDCFE5F5-44BC-4624-851B-6A8F5B23F79D}.Release|x86.ActiveCfg = Release|Any CPU
		{BDCFE5F5-44BC-4624-851B-6A8F5B23F79D}.Release|x86.Build.0 = Release|Any CPU
		{C64B7852-6559-4E5B-A12E-4C8D4C1F1CC0}.Debug|Any CPU.ActiveCfg = Debug|Any CPU
		{C64B7852-6559-4E5B-A12E-4C8D4C1F1CC0}.Debug|Any CPU.Build.0 = Debug|Any CPU
		{C64B7852-6559-4E5B-A12E-4C8D4C1F1CC0}.Debug|x64.ActiveCfg = Debug|Any CPU
		{C64B7852-6559-4E5B-A12E-4C8D4C1F1CC0}.Debug|x64.Build.0 = Debug|Any CPU
		{C64B7852-6559-4E5B-A12E-4C8D4C1F1CC0}.Debug|x86.ActiveCfg = Debug|Any CPU
		{C64B7852-6559-4E5B-A12E-4C8D4C1F1CC0}.Debug|x86.Build.0 = Debug|Any CPU
		{C64B7852-6559-4E5B-A12E-4C8D4C1F1CC0}.Release|Any CPU.ActiveCfg = Release|Any CPU
		{C64B7852-6559-4E5B-A12E-4C8D4C1F1CC0}.Release|Any CPU.Build.0 = Release|Any CPU
		{C64B7852-6559-4E5B-A12E-4C8D4C1F1CC0}.Release|x64.ActiveCfg = Release|Any CPU
		{C64B7852-6559-4E5B-A12E-4C8D4C1F1CC0}.Release|x64.Build.0 = Release|Any CPU
		{C64B7852-6559-4E5B-A12E-4C8D4C1F1CC0}.Release|x86.ActiveCfg = Release|Any CPU
		{C64B7852-6559-4E5B-A12E-4C8D4C1F1CC0}.Release|x86.Build.0 = Release|Any CPU
		{0D1CC14D-39C7-4F50-A3B4-42BC1FC1B685}.Debug|Any CPU.ActiveCfg = Debug|Any CPU
		{0D1CC14D-39C7-4F50-A3B4-42BC1FC1B685}.Debug|Any CPU.Build.0 = Debug|Any CPU
		{0D1CC14D-39C7-4F50-A3B4-42BC1FC1B685}.Debug|x64.ActiveCfg = Debug|Any CPU
		{0D1CC14D-39C7-4F50-A3B4-42BC1FC1B685}.Debug|x64.Build.0 = Debug|Any CPU
		{0D1CC14D-39C7-4F50-A3B4-42BC1FC1B685}.Debug|x86.ActiveCfg = Debug|Any CPU
		{0D1CC14D-39C7-4F50-A3B4-42BC1FC1B685}.Debug|x86.Build.0 = Debug|Any CPU
		{0D1CC14D-39C7-4F50-A3B4-42BC1FC1B685}.Release|Any CPU.ActiveCfg = Release|Any CPU
		{0D1CC14D-39C7-4F50-A3B4-42BC1FC1B685}.Release|Any CPU.Build.0 = Release|Any CPU
		{0D1CC14D-39C7-4F50-A3B4-42BC1FC1B685}.Release|x64.ActiveCfg = Release|Any CPU
		{0D1CC14D-39C7-4F50-A3B4-42BC1FC1B685}.Release|x64.Build.0 = Release|Any CPU
		{0D1CC14D-39C7-4F50-A3B4-42BC1FC1B685}.Release|x86.ActiveCfg = Release|Any CPU
		{0D1CC14D-39C7-4F50-A3B4-42BC1FC1B685}.Release|x86.Build.0 = Release|Any CPU
	EndGlobalSection
	GlobalSection(SolutionProperties) = preSolution
		HideSolutionNode = FALSE
	EndGlobalSection
	GlobalSection(ExtensibilityGlobals) = postSolution
		SolutionGuid = {E7A3553F-B2D3-4BE2-B296-5ED8B02004A9}
	EndGlobalSection
EndGlobal
